// !$*UTF8*$!
{
	archiveVersion = 1;
	classes = {
	};
	objectVersion = 56;
	objects = {

/* Begin PBXBuildFile section */
		AD3351812A80889200439347 /* RoundedSegmentedControl.swift in Sources */ = {isa = PBXBuildFile; fileRef = AD3351802A80889200439347 /* RoundedSegmentedControl.swift */; };
		AD3351852A808C3900439347 /* UIColor.swift in Sources */ = {isa = PBXBuildFile; fileRef = AD3351842A808C3900439347 /* UIColor.swift */; };
		AD3351872A808E2300439347 /* HomeViewController + Extensions.swift in Sources */ = {isa = PBXBuildFile; fileRef = AD3351862A808E2300439347 /* HomeViewController + Extensions.swift */; };
		AD33518A2A808EC200439347 /* HomeOrderTableViewCell.swift in Sources */ = {isa = PBXBuildFile; fileRef = AD3351882A808EC200439347 /* HomeOrderTableViewCell.swift */; };
		AD33518B2A808EC200439347 /* HomeOrderTableViewCell.xib in Resources */ = {isa = PBXBuildFile; fileRef = AD3351892A808EC200439347 /* HomeOrderTableViewCell.xib */; };
		ADFB54DE2A8068A800165303 /* AppDelegate.swift in Sources */ = {isa = PBXBuildFile; fileRef = ADFB54DD2A8068A800165303 /* AppDelegate.swift */; };
		ADFB54E02A8068A800165303 /* SceneDelegate.swift in Sources */ = {isa = PBXBuildFile; fileRef = ADFB54DF2A8068A800165303 /* SceneDelegate.swift */; };
		ADFB54E72A8068AA00165303 /* Assets.xcassets in Resources */ = {isa = PBXBuildFile; fileRef = ADFB54E62A8068AA00165303 /* Assets.xcassets */; };
		ADFB54EA2A8068AA00165303 /* LaunchScreen.storyboard in Resources */ = {isa = PBXBuildFile; fileRef = ADFB54E82A8068AA00165303 /* LaunchScreen.storyboard */; };
		ADFB54F62A8072D300165303 /* LoginViewController.swift in Sources */ = {isa = PBXBuildFile; fileRef = ADFB54F42A8072D300165303 /* LoginViewController.swift */; };
		ADFB54F72A8072D300165303 /* LoginViewController.xib in Resources */ = {isa = PBXBuildFile; fileRef = ADFB54F52A8072D300165303 /* LoginViewController.xib */; };
		ADFB54FF2A807E2400165303 /* HomeViewController.swift in Sources */ = {isa = PBXBuildFile; fileRef = ADFB54FD2A807E2400165303 /* HomeViewController.swift */; };
		ADFB55002A807E2400165303 /* HomeViewController.xib in Resources */ = {isa = PBXBuildFile; fileRef = ADFB54FE2A807E2400165303 /* HomeViewController.xib */; };
/* End PBXBuildFile section */

/* Begin PBXFileReference section */
		AD3351802A80889200439347 /* RoundedSegmentedControl.swift */ = {isa = PBXFileReference; lastKnownFileType = sourcecode.swift; path = RoundedSegmentedControl.swift; sourceTree = "<group>"; };
		AD3351842A808C3900439347 /* UIColor.swift */ = {isa = PBXFileReference; lastKnownFileType = sourcecode.swift; path = UIColor.swift; sourceTree = "<group>"; };
		AD3351862A808E2300439347 /* HomeViewController + Extensions.swift */ = {isa = PBXFileReference; lastKnownFileType = sourcecode.swift; path = "HomeViewController + Extensions.swift"; sourceTree = "<group>"; };
		AD3351882A808EC200439347 /* HomeOrderTableViewCell.swift */ = {isa = PBXFileReference; lastKnownFileType = sourcecode.swift; path = HomeOrderTableViewCell.swift; sourceTree = "<group>"; };
		AD3351892A808EC200439347 /* HomeOrderTableViewCell.xib */ = {isa = PBXFileReference; lastKnownFileType = file.xib; path = HomeOrderTableViewCell.xib; sourceTree = "<group>"; };
		ADFB54DA2A8068A800165303 /* Ultimate Demo.app */ = {isa = PBXFileReference; explicitFileType = wrapper.application; includeInIndex = 0; path = "Ultimate Demo.app"; sourceTree = BUILT_PRODUCTS_DIR; };
		ADFB54DD2A8068A800165303 /* AppDelegate.swift */ = {isa = PBXFileReference; lastKnownFileType = sourcecode.swift; path = AppDelegate.swift; sourceTree = "<group>"; };
		ADFB54DF2A8068A800165303 /* SceneDelegate.swift */ = {isa = PBXFileReference; lastKnownFileType = sourcecode.swift; path = SceneDelegate.swift; sourceTree = "<group>"; };
		ADFB54E62A8068AA00165303 /* Assets.xcassets */ = {isa = PBXFileReference; lastKnownFileType = folder.assetcatalog; path = Assets.xcassets; sourceTree = "<group>"; };
		ADFB54E92A8068AA00165303 /* Base */ = {isa = PBXFileReference; lastKnownFileType = file.storyboard; name = Base; path = Base.lproj/LaunchScreen.storyboard; sourceTree = "<group>"; };
		ADFB54EB2A8068AA00165303 /* Info.plist */ = {isa = PBXFileReference; lastKnownFileType = text.plist.xml; path = Info.plist; sourceTree = "<group>"; };
		ADFB54F42A8072D300165303 /* LoginViewController.swift */ = {isa = PBXFileReference; lastKnownFileType = sourcecode.swift; path = LoginViewController.swift; sourceTree = "<group>"; };
		ADFB54F52A8072D300165303 /* LoginViewController.xib */ = {isa = PBXFileReference; lastKnownFileType = file.xib; path = LoginViewController.xib; sourceTree = "<group>"; };
		ADFB54FD2A807E2400165303 /* HomeViewController.swift */ = {isa = PBXFileReference; lastKnownFileType = sourcecode.swift; path = HomeViewController.swift; sourceTree = "<group>"; };
		ADFB54FE2A807E2400165303 /* HomeViewController.xib */ = {isa = PBXFileReference; lastKnownFileType = file.xib; path = HomeViewController.xib; sourceTree = "<group>"; };
/* End PBXFileReference section */

/* Begin PBXFrameworksBuildPhase section */
		ADFB54D72A8068A800165303 /* Frameworks */ = {
			isa = PBXFrameworksBuildPhase;
			buildActionMask = 2147483647;
			files = (
			);
			runOnlyForDeploymentPostprocessing = 0;
		};
/* End PBXFrameworksBuildPhase section */

/* Begin PBXGroup section */
		AD33517F2A80887F00439347 /* Cusom Views */ = {
			isa = PBXGroup;
			children = (
				AD3351802A80889200439347 /* RoundedSegmentedControl.swift */,
			);
			path = "Cusom Views";
			sourceTree = "<group>";
		};
		AD3351832A808C2C00439347 /* Extensions */ = {
			isa = PBXGroup;
			children = (
				AD3351842A808C3900439347 /* UIColor.swift */,
			);
			path = Extensions;
			sourceTree = "<group>";
		};
		ADFB54D12A8068A800165303 = {
			isa = PBXGroup;
			children = (
				ADFB54DC2A8068A800165303 /* Ultimate Demo */,
				ADFB54DB2A8068A800165303 /* Products */,
			);
			sourceTree = "<group>";
		};
		ADFB54DB2A8068A800165303 /* Products */ = {
			isa = PBXGroup;
			children = (
				ADFB54DA2A8068A800165303 /* Ultimate Demo.app */,
			);
			name = Products;
			sourceTree = "<group>";
		};
		ADFB54DC2A8068A800165303 /* Ultimate Demo */ = {
			isa = PBXGroup;
			children = (
				AD3351832A808C2C00439347 /* Extensions */,
				AD33517F2A80887F00439347 /* Cusom Views */,
				ADFB54F12A8072B600165303 /* Senarios */,
				ADFB54FA2A8076BA00165303 /* Resources */,
				ADFB54EB2A8068AA00165303 /* Info.plist */,
			);
			path = "Ultimate Demo";
			sourceTree = "<group>";
		};
		ADFB54F12A8072B600165303 /* Senarios */ = {
			isa = PBXGroup;
			children = (
				ADFB54F22A8072C200165303 /* Login */,
				ADFB54FB2A807E0B00165303 /* Home */,
			);
			path = Senarios;
			sourceTree = "<group>";
		};
		ADFB54F22A8072C200165303 /* Login */ = {
			isa = PBXGroup;
			children = (
				ADFB54F32A8072C700165303 /* View */,
			);
			path = Login;
			sourceTree = "<group>";
		};
		ADFB54F32A8072C700165303 /* View */ = {
			isa = PBXGroup;
			children = (
				ADFB54F42A8072D300165303 /* LoginViewController.swift */,
				ADFB54F52A8072D300165303 /* LoginViewController.xib */,
			);
			path = View;
			sourceTree = "<group>";
		};
		ADFB54FA2A8076BA00165303 /* Resources */ = {
			isa = PBXGroup;
			children = (
				ADFB54E62A8068AA00165303 /* Assets.xcassets */,
				ADFB54DD2A8068A800165303 /* AppDelegate.swift */,
				ADFB54DF2A8068A800165303 /* SceneDelegate.swift */,
				ADFB54E82A8068AA00165303 /* LaunchScreen.storyboard */,
			);
			path = Resources;
			sourceTree = "<group>";
		};
		ADFB54FB2A807E0B00165303 /* Home */ = {
			isa = PBXGroup;
			children = (
				ADFB54FC2A807E1200165303 /* View */,
			);
			path = Home;
			sourceTree = "<group>";
		};
		ADFB54FC2A807E1200165303 /* View */ = {
			isa = PBXGroup;
			children = (
				ADFB54FD2A807E2400165303 /* HomeViewController.swift */,
				AD3351862A808E2300439347 /* HomeViewController + Extensions.swift */,
				ADFB54FE2A807E2400165303 /* HomeViewController.xib */,
				AD3351882A808EC200439347 /* HomeOrderTableViewCell.swift */,
				AD3351892A808EC200439347 /* HomeOrderTableViewCell.xib */,
			);
			path = View;
			sourceTree = "<group>";
		};
/* End PBXGroup section */

/* Begin PBXNativeTarget section */
		ADFB54D92A8068A800165303 /* Ultimate Demo */ = {
			isa = PBXNativeTarget;
			buildConfigurationList = ADFB54EE2A8068AA00165303 /* Build configuration list for PBXNativeTarget "Ultimate Demo" */;
			buildPhases = (
				ADFB54D62A8068A800165303 /* Sources */,
				ADFB54D72A8068A800165303 /* Frameworks */,
				ADFB54D82A8068A800165303 /* Resources */,
			);
			buildRules = (
			);
			dependencies = (
			);
			name = "Ultimate Demo";
			productName = "Ultimate Demo";
			productReference = ADFB54DA2A8068A800165303 /* Ultimate Demo.app */;
			productType = "com.apple.product-type.application";
		};
/* End PBXNativeTarget section */

/* Begin PBXProject section */
		ADFB54D22A8068A800165303 /* Project object */ = {
			isa = PBXProject;
			attributes = {
				BuildIndependentTargetsInParallel = 1;
				LastSwiftUpdateCheck = 1430;
				LastUpgradeCheck = 1430;
				TargetAttributes = {
					ADFB54D92A8068A800165303 = {
						CreatedOnToolsVersion = 14.3;
					};
				};
			};
			buildConfigurationList = ADFB54D52A8068A800165303 /* Build configuration list for PBXProject "Ultimate Demo" */;
			compatibilityVersion = "Xcode 14.0";
			developmentRegion = en;
			hasScannedForEncodings = 0;
			knownRegions = (
				en,
				Base,
			);
			mainGroup = ADFB54D12A8068A800165303;
			productRefGroup = ADFB54DB2A8068A800165303 /* Products */;
			projectDirPath = "";
			projectRoot = "";
			targets = (
				ADFB54D92A8068A800165303 /* Ultimate Demo */,
			);
		};
/* End PBXProject section */

/* Begin PBXResourcesBuildPhase section */
		ADFB54D82A8068A800165303 /* Resources */ = {
			isa = PBXResourcesBuildPhase;
			buildActionMask = 2147483647;
			files = (
				AD33518B2A808EC200439347 /* HomeOrderTableViewCell.xib in Resources */,
				ADFB54EA2A8068AA00165303 /* LaunchScreen.storyboard in Resources */,
				ADFB54E72A8068AA00165303 /* Assets.xcassets in Resources */,
				ADFB54F72A8072D300165303 /* LoginViewController.xib in Resources */,
				ADFB55002A807E2400165303 /* HomeViewController.xib in Resources */,
			);
			runOnlyForDeploymentPostprocessing = 0;
		};
/* End PBXResourcesBuildPhase section */

/* Begin PBXSourcesBuildPhase section */
		ADFB54D62A8068A800165303 /* Sources */ = {
			isa = PBXSourcesBuildPhase;
			buildActionMask = 2147483647;
			files = (
				AD3351872A808E2300439347 /* HomeViewController + Extensions.swift in Sources */,
				ADFB54F62A8072D300165303 /* LoginViewController.swift in Sources */,
				AD3351852A808C3900439347 /* UIColor.swift in Sources */,
				AD3351812A80889200439347 /* RoundedSegmentedControl.swift in Sources */,
				ADFB54DE2A8068A800165303 /* AppDelegate.swift in Sources */,
				ADFB54E02A8068A800165303 /* SceneDelegate.swift in Sources */,
				ADFB54FF2A807E2400165303 /* HomeViewController.swift in Sources */,
				AD33518A2A808EC200439347 /* HomeOrderTableViewCell.swift in Sources */,
			);
			runOnlyForDeploymentPostprocessing = 0;
		};
/* End PBXSourcesBuildPhase section */

/* Begin PBXVariantGroup section */
		ADFB54E82A8068AA00165303 /* LaunchScreen.storyboard */ = {
			isa = PBXVariantGroup;
			children = (
				ADFB54E92A8068AA00165303 /* Base */,
			);
			name = LaunchScreen.storyboard;
			sourceTree = "<group>";
		};
/* End PBXVariantGroup section */

/* Begin XCBuildConfiguration section */
		ADFB54EC2A8068AA00165303 /* Debug */ = {
			isa = XCBuildConfiguration;
			buildSettings = {
				ALWAYS_SEARCH_USER_PATHS = NO;
				CLANG_ANALYZER_NONNULL = YES;
				CLANG_ANALYZER_NUMBER_OBJECT_CONVERSION = YES_AGGRESSIVE;
				CLANG_CXX_LANGUAGE_STANDARD = "gnu++20";
				CLANG_ENABLE_MODULES = YES;
				CLANG_ENABLE_OBJC_ARC = YES;
				CLANG_ENABLE_OBJC_WEAK = YES;
				CLANG_WARN_BLOCK_CAPTURE_AUTORELEASING = YES;
				CLANG_WARN_BOOL_CONVERSION = YES;
				CLANG_WARN_COMMA = YES;
				CLANG_WARN_CONSTANT_CONVERSION = YES;
				CLANG_WARN_DEPRECATED_OBJC_IMPLEMENTATIONS = YES;
				CLANG_WARN_DIRECT_OBJC_ISA_USAGE = YES_ERROR;
				CLANG_WARN_DOCUMENTATION_COMMENTS = YES;
				CLANG_WARN_EMPTY_BODY = YES;
				CLANG_WARN_ENUM_CONVERSION = YES;
				CLANG_WARN_INFINITE_RECURSION = YES;
				CLANG_WARN_INT_CONVERSION = YES;
				CLANG_WARN_NON_LITERAL_NULL_CONVERSION = YES;
				CLANG_WARN_OBJC_IMPLICIT_RETAIN_SELF = YES;
				CLANG_WARN_OBJC_LITERAL_CONVERSION = YES;
				CLANG_WARN_OBJC_ROOT_CLASS = YES_ERROR;
				CLANG_WARN_QUOTED_INCLUDE_IN_FRAMEWORK_HEADER = YES;
				CLANG_WARN_RANGE_LOOP_ANALYSIS = YES;
				CLANG_WARN_STRICT_PROTOTYPES = YES;
				CLANG_WARN_SUSPICIOUS_MOVE = YES;
				CLANG_WARN_UNGUARDED_AVAILABILITY = YES_AGGRESSIVE;
				CLANG_WARN_UNREACHABLE_CODE = YES;
				CLANG_WARN__DUPLICATE_METHOD_MATCH = YES;
				COPY_PHASE_STRIP = NO;
				DEBUG_INFORMATION_FORMAT = dwarf;
				ENABLE_STRICT_OBJC_MSGSEND = YES;
				ENABLE_TESTABILITY = YES;
				GCC_C_LANGUAGE_STANDARD = gnu11;
				GCC_DYNAMIC_NO_PIC = NO;
				GCC_NO_COMMON_BLOCKS = YES;
				GCC_OPTIMIZATION_LEVEL = 0;
				GCC_PREPROCESSOR_DEFINITIONS = (
					"DEBUG=1",
					"$(inherited)",
				);
				GCC_WARN_64_TO_32_BIT_CONVERSION = YES;
				GCC_WARN_ABOUT_RETURN_TYPE = YES_ERROR;
				GCC_WARN_UNDECLARED_SELECTOR = YES;
				GCC_WARN_UNINITIALIZED_AUTOS = YES_AGGRESSIVE;
				GCC_WARN_UNUSED_FUNCTION = YES;
				GCC_WARN_UNUSED_VARIABLE = YES;
				IPHONEOS_DEPLOYMENT_TARGET = 16.4;
				MTL_ENABLE_DEBUG_INFO = INCLUDE_SOURCE;
				MTL_FAST_MATH = YES;
				ONLY_ACTIVE_ARCH = YES;
				SDKROOT = iphoneos;
				SWIFT_ACTIVE_COMPILATION_CONDITIONS = DEBUG;
				SWIFT_OPTIMIZATION_LEVEL = "-Onone";
			};
			name = Debug;
		};
		ADFB54ED2A8068AA00165303 /* Release */ = {
			isa = XCBuildConfiguration;
			buildSettings = {
				ALWAYS_SEARCH_USER_PATHS = NO;
				CLANG_ANALYZER_NONNULL = YES;
				CLANG_ANALYZER_NUMBER_OBJECT_CONVERSION = YES_AGGRESSIVE;
				CLANG_CXX_LANGUAGE_STANDARD = "gnu++20";
				CLANG_ENABLE_MODULES = YES;
				CLANG_ENABLE_OBJC_ARC = YES;
				CLANG_ENABLE_OBJC_WEAK = YES;
				CLANG_WARN_BLOCK_CAPTURE_AUTORELEASING = YES;
				CLANG_WARN_BOOL_CONVERSION = YES;
				CLANG_WARN_COMMA = YES;
				CLANG_WARN_CONSTANT_CONVERSION = YES;
				CLANG_WARN_DEPRECATED_OBJC_IMPLEMENTATIONS = YES;
				CLANG_WARN_DIRECT_OBJC_ISA_USAGE = YES_ERROR;
				CLANG_WARN_DOCUMENTATION_COMMENTS = YES;
				CLANG_WARN_EMPTY_BODY = YES;
				CLANG_WARN_ENUM_CONVERSION = YES;
				CLANG_WARN_INFINITE_RECURSION = YES;
				CLANG_WARN_INT_CONVERSION = YES;
				CLANG_WARN_NON_LITERAL_NULL_CONVERSION = YES;
				CLANG_WARN_OBJC_IMPLICIT_RETAIN_SELF = YES;
				CLANG_WARN_OBJC_LITERAL_CONVERSION = YES;
				CLANG_WARN_OBJC_ROOT_CLASS = YES_ERROR;
				CLANG_WARN_QUOTED_INCLUDE_IN_FRAMEWORK_HEADER = YES;
				CLANG_WARN_RANGE_LOOP_ANALYSIS = YES;
				CLANG_WARN_STRICT_PROTOTYPES = YES;
				CLANG_WARN_SUSPICIOUS_MOVE = YES;
				CLANG_WARN_UNGUARDED_AVAILABILITY = YES_AGGRESSIVE;
				CLANG_WARN_UNREACHABLE_CODE = YES;
				CLANG_WARN__DUPLICATE_METHOD_MATCH = YES;
				COPY_PHASE_STRIP = NO;
				DEBUG_INFORMATION_FORMAT = "dwarf-with-dsym";
				ENABLE_NS_ASSERTIONS = NO;
				ENABLE_STRICT_OBJC_MSGSEND = YES;
				GCC_C_LANGUAGE_STANDARD = gnu11;
				GCC_NO_COMMON_BLOCKS = YES;
				GCC_WARN_64_TO_32_BIT_CONVERSION = YES;
				GCC_WARN_ABOUT_RETURN_TYPE = YES_ERROR;
				GCC_WARN_UNDECLARED_SELECTOR = YES;
				GCC_WARN_UNINITIALIZED_AUTOS = YES_AGGRESSIVE;
				GCC_WARN_UNUSED_FUNCTION = YES;
				GCC_WARN_UNUSED_VARIABLE = YES;
				IPHONEOS_DEPLOYMENT_TARGET = 16.4;
				MTL_ENABLE_DEBUG_INFO = NO;
				MTL_FAST_MATH = YES;
				SDKROOT = iphoneos;
				SWIFT_COMPILATION_MODE = wholemodule;
				SWIFT_OPTIMIZATION_LEVEL = "-O";
				VALIDATE_PRODUCT = YES;
			};
			name = Release;
		};
		ADFB54EF2A8068AA00165303 /* Debug */ = {
			isa = XCBuildConfiguration;
			buildSettings = {
				ASSETCATALOG_COMPILER_APPICON_NAME = AppIcon;
				ASSETCATALOG_COMPILER_GLOBAL_ACCENT_COLOR_NAME = AccentColor;
				ASSETCATALOG_COMPILER_INCLUDE_ALL_APPICON_ASSETS = NO;
				CODE_SIGN_STYLE = Automatic;
				CURRENT_PROJECT_VERSION = 1;
				GENERATE_INFOPLIST_FILE = YES;
				INFOPLIST_FILE = "Ultimate Demo/Info.plist";
				INFOPLIST_KEY_CFBundleDisplayName = "Onyx Restaurant Delivery";
				INFOPLIST_KEY_LSApplicationCategoryType = "public.app-category.food-and-drink";
				INFOPLIST_KEY_UIApplicationSupportsIndirectInputEvents = YES;
				INFOPLIST_KEY_UILaunchStoryboardName = LaunchScreen.storyboard;
				INFOPLIST_KEY_UIMainStoryboardFile = "";
				INFOPLIST_KEY_UIStatusBarHidden = NO;
				INFOPLIST_KEY_UIStatusBarStyle = UIStatusBarStyleLightContent;
				INFOPLIST_KEY_UISupportedInterfaceOrientations = UIInterfaceOrientationPortrait;
				INFOPLIST_KEY_UISupportedInterfaceOrientations_iPad = "UIInterfaceOrientationLandscapeLeft UIInterfaceOrientationLandscapeRight UIInterfaceOrientationPortrait UIInterfaceOrientationPortraitUpsideDown";
				INFOPLIST_KEY_UIUserInterfaceStyle = Light;
				LD_RUNPATH_SEARCH_PATHS = (
					"$(inherited)",
					"@executable_path/Frameworks",
				);
				MARKETING_VERSION = 1.0;
				PRODUCT_BUNDLE_IDENTIFIER = "com.Ultimate-Solutions.Ultimate-Demo";
				PRODUCT_NAME = "$(TARGET_NAME)";
				SUPPORTED_PLATFORMS = "iphoneos iphonesimulator";
				SUPPORTS_MACCATALYST = NO;
				SUPPORTS_MAC_DESIGNED_FOR_IPHONE_IPAD = YES;
				SWIFT_EMIT_LOC_STRINGS = YES;
				SWIFT_VERSION = 5.0;
				TARGETED_DEVICE_FAMILY = 1;
			};
			name = Debug;
		};
		ADFB54F02A8068AA00165303 /* Release */ = {
			isa = XCBuildConfiguration;
			buildSettings = {
				ASSETCATALOG_COMPILER_APPICON_NAME = AppIcon;
				ASSETCATALOG_COMPILER_GLOBAL_ACCENT_COLOR_NAME = AccentColor;
				ASSETCATALOG_COMPILER_INCLUDE_ALL_APPICON_ASSETS = NO;
				CODE_SIGN_STYLE = Automatic;
				CURRENT_PROJECT_VERSION = 1;
				GENERATE_INFOPLIST_FILE = YES;
				INFOPLIST_FILE = "Ultimate Demo/Info.plist";
				INFOPLIST_KEY_CFBundleDisplayName = "Onyx Restaurant Delivery";
				INFOPLIST_KEY_LSApplicationCategoryType = "public.app-category.food-and-drink";
				INFOPLIST_KEY_UIApplicationSupportsIndirectInputEvents = YES;
				INFOPLIST_KEY_UILaunchStoryboardName = LaunchScreen.storyboard;
				INFOPLIST_KEY_UIMainStoryboardFile = "";
				INFOPLIST_KEY_UIStatusBarHidden = NO;
				INFOPLIST_KEY_UIStatusBarStyle = UIStatusBarStyleLightContent;
				INFOPLIST_KEY_UISupportedInterfaceOrientations = UIInterfaceOrientationPortrait;
				INFOPLIST_KEY_UISupportedInterfaceOrientations_iPad = "UIInterfaceOrientationLandscapeLeft UIInterfaceOrientationLandscapeRight UIInterfaceOrientationPortrait UIInterfaceOrientationPortraitUpsideDown";
				INFOPLIST_KEY_UIUserInterfaceStyle = Light;
				LD_RUNPATH_SEARCH_PATHS = (
					"$(inherited)",
					"@executable_path/Frameworks",
				);
				MARKETING_VERSION = 1.0;
				PRODUCT_BUNDLE_IDENTIFIER = "com.Ultimate-Solutions.Ultimate-Demo";
				PRODUCT_NAME = "$(TARGET_NAME)";
				SUPPORTED_PLATFORMS = "iphoneos iphonesimulator";
				SUPPORTS_MACCATALYST = NO;
				SUPPORTS_MAC_DESIGNED_FOR_IPHONE_IPAD = YES;
				SWIFT_EMIT_LOC_STRINGS = YES;
				SWIFT_VERSION = 5.0;
				TARGETED_DEVICE_FAMILY = 1;
			};
			name = Release;
		};
/* End XCBuildConfiguration section */

/* Begin XCConfigurationList section */
		ADFB54D52A8068A800165303 /* Build configuration list for PBXProject "Ultimate Demo" */ = {
			isa = XCConfigurationList;
			buildConfigurations = (
				ADFB54EC2A8068AA00165303 /* Debug */,
				ADFB54ED2A8068AA00165303 /* Release */,
			);
			defaultConfigurationIsVisible = 0;
			defaultConfigurationName = Release;
		};
		ADFB54EE2A8068AA00165303 /* Build configuration list for PBXNativeTarget "Ultimate Demo" */ = {
			isa = XCConfigurationList;
			buildConfigurations = (
				ADFB54EF2A8068AA00165303 /* Debug */,
				ADFB54F02A8068AA00165303 /* Release */,
			);
			defaultConfigurationIsVisible = 0;
			defaultConfigurationName = Release;
		};
/* End XCConfigurationList section */
	};
	rootObject = ADFB54D22A8068A800165303 /* Project object */;
}
