PODS:
  - IQKeyboardManagerSwift (6.5.12)
  - ProgressHUD (13.6.2)
  - SQLite.swift (0.14.1):
    - SQLite.swift/standard (= 0.14.1)
  - SQLite.swift/standard (0.14.1)

DEPENDENCIES:
  - IQKeyboardManagerSwift
  - ProgressHUD
  - SQLite.swift (~> 0.14.0)

SPEC REPOS:
  https://github.com/CocoaPods/Specs.git:
    - IQKeyboardManagerSwift
    - ProgressHUD
    - SQLite.swift

SPEC CHECKSUMS:
  IQKeyboardManagerSwift: 371b08cb39664fb56030f5345c815a4ffc74bbc0
  ProgressHUD: 355915c8f033e626788fa9b0d99d06e8691595ab
  SQLite.swift: 2992550ebf3c5b268bf4352603e3df87d2a4ed72

PODFILE CHECKSUM: 66f0091bd5e3a204e8ee63155eb62b140872eb89

COCOAPODS: 1.12.1
